
Microsoft Visual Studio Solution File, Format Version 12.00
# Visual Studio Version 16
VisualStudioVersion = 16.0.31321.278
MinimumVisualStudioVersion = 10.0.40219.1
Project("{FAE04EC0-301F-11D3-BF4B-00C04F79EFBC}") = "VeryFirst", "VeryFirst\VeryFirst.csproj", "{78D10D24-5B73-457C-AA38-EB84415B58BB}"
EndProject
Global
	GlobalSection(SolutionConfigurationPlatforms) = preSolution
		Debug|Any CPU = Debug|Any CPU
		Release|Any CPU = Release|Any CPU
	EndGlobalSection
	GlobalSection(ProjectConfigurationPlatforms) = postSolution
		{78D10D24-5B73-457C-AA38-EB84415B58BB}.Debug|Any CPU.ActiveCfg = Debug|Any CPU
		{78D10D24-5B73-457C-AA38-EB84415B58BB}.Debug|Any CPU.Build.0 = Debug|Any CPU
		{78D10D24-5B73-457C-AA38-EB84415B58BB}.Release|Any CPU.ActiveCfg = Release|Any CPU
		{78D10D24-5B73-457C-AA38-EB84415B58BB}.Release|Any CPU.Build.0 = Release|Any CPU
	EndGlobalSection
	GlobalSection(SolutionProperties) = preSolution
		HideSolutionNode = FALSE
	EndGlobalSection
	GlobalSection(ExtensibilityGlobals) = postSolution
		SolutionGuid = {9F00194E-F616-4B61-B523-6775AD6EC1BF}
	EndGlobalSection
EndGlobal
